
Microsoft Visual Studio Solution File, Format Version 12.00
# Visual Studio Version 17
VisualStudioVersion = 17.9.34622.214
MinimumVisualStudioVersion = 10.0.40219.1
Project("{FAE04EC0-301F-11D3-BF4B-00C04F79EFBC}") = "eUseControl", "eUseControl\eUseControl.csproj", "{ADDB902A-EE4C-47B4-A64E-D87D2C0BB0B8}"
EndProject
Global
	GlobalSection(SolutionConfigurationPlatforms) = preSolution
		Debug|Any CPU = Debug|Any CPU
		Release|Any CPU = Release|Any CPU
	EndGlobalSection
	GlobalSection(ProjectConfigurationPlatforms) = postSolution
		{ADDB902A-EE4C-47B4-A64E-D87D2C0BB0B8}.Debug|Any CPU.ActiveCfg = Debug|Any CPU
		{ADDB902A-EE4C-47B4-A64E-D87D2C0BB0B8}.Debug|Any CPU.Build.0 = Debug|Any CPU
		{ADDB902A-EE4C-47B4-A64E-D87D2C0BB0B8}.Release|Any CPU.ActiveCfg = Release|Any CPU
		{ADDB902A-EE4C-47B4-A64E-D87D2C0BB0B8}.Release|Any CPU.Build.0 = Release|Any CPU
	EndGlobalSection
	GlobalSection(SolutionProperties) = preSolution
		HideSolutionNode = FALSE
	EndGlobalSection
	GlobalSection(ExtensibilityGlobals) = postSolution
		SolutionGuid = {586DF661-EC50-4FAA-9B35-BE17C89ADF41}
	EndGlobalSection
EndGlobal
